{
  "name": "ng-http-plus-lib",
  "version": "0.0.1",
  "lockfileVersion": 1,
  "requires": true,
  "dependencies": {
    "stream-plus": {
      "version": "0.0.1",
      "resolved": "https://registry.npmjs.org/stream-plus/-/stream-plus-0.0.1.tgz",
      "integrity": "sha512-BQnILLu7NfUMWf5bn62r15pvIh3Nc49h5lBdSGMWROqpeGAMJPY8IxH0TQqAg868D0LzjMoirqdWQ7+C3e2GuA==",
      "requires": {
        "tslib": "^1.9.0"
      }
    },
    "tslib": {
      "version": "1.9.3",
      "resolved": "https://registry.npmjs.org/tslib/-/tslib-1.9.3.tgz",
      "integrity": "sha512-4krF8scpejhaOgqzBEcGM7yDIEfi0/8+8zDRZhNZZ2kjmHJ4hv3zCbQWxoJGz1iw5U0Jl0nma13xzHXcncMavQ=="
    }
  }
}
